
Microsoft Visual Studio Solution File, Format Version 12.00
# Visual Studio Version 17
VisualStudioVersion = 17.9.34728.123
MinimumVisualStudioVersion = 10.0.40219.1
Project("{FAE04EC0-301F-11D3-BF4B-00C04F79EFBC}") = "DBLearn", "DBLearn\DBLearn.csproj", "{68329F98-8D15-41A2-BE7C-EC3C26741CC5}"
EndProject
Global
	GlobalSection(SolutionConfigurationPlatforms) = preSolution
		Debug|Any CPU = Debug|Any CPU
		Release|Any CPU = Release|Any CPU
	EndGlobalSection
	GlobalSection(ProjectConfigurationPlatforms) = postSolution
		{68329F98-8D15-41A2-BE7C-EC3C26741CC5}.Debug|Any CPU.ActiveCfg = Debug|Any CPU
		{68329F98-8D15-41A2-BE7C-EC3C26741CC5}.Debug|Any CPU.Build.0 = Debug|Any CPU
		{68329F98-8D15-41A2-BE7C-EC3C26741CC5}.Release|Any CPU.ActiveCfg = Release|Any CPU
		{68329F98-8D15-41A2-BE7C-EC3C26741CC5}.Release|Any CPU.Build.0 = Release|Any CPU
	EndGlobalSection
	GlobalSection(SolutionProperties) = preSolution
		HideSolutionNode = FALSE
	EndGlobalSection
	GlobalSection(ExtensibilityGlobals) = postSolution
		SolutionGuid = {DD276AE5-2C4F-4F26-BE81-FD903B69467D}
	EndGlobalSection
EndGlobal
